{
  "object": {
    "pins": [
      {
        "package": "MKRingProgressView",
        "repositoryURL": "https://github.com/maxkonovalov/MKRingProgressView",
        "state": {
          "branch": null,
          "revision": "01ba2b4c24a0874bc53bbd846916d993547eda16",
          "version": "2.2.3"
        }
      },
      {
        "package": "SwiftDate",
        "repositoryURL": "https://github.com/malcommac/SwiftDate",
        "state": {
          "branch": null,
          "revision": "6190d0cefff3013e77ed567e6b074f324e5c5bf5",
          "version": "6.3.1"
        }
      }
    ]
  },
  "version": 1
}
