{
  "object": {
    "pins": [
      {
        "package": "Hero",
        "repositoryURL": "https://github.com/HeroTransitions/Hero.git",
        "state": {
          "branch": null,
          "revision": "efa709686035831b23b7bf58f652b0c4b892aa1d",
          "version": "1.6.1"
        }
      },
      {
        "package": "MKRingProgressView",
        "repositoryURL": "https://github.com/maxkonovalov/MKRingProgressView",
        "state": {
          "branch": null,
          "revision": "01ba2b4c24a0874bc53bbd846916d993547eda16",
          "version": "2.2.3"
        }
      }
    ]
  },
  "version": 1
}
