// !$*UTF8*$!
{
	archiveVersion = 1;
	classes = {
	};
	objectVersion = 52;
	objects = {

/* Begin PBXBuildFile section */
		92021AD026326D06006C00C1 /* AppModel+DataLoading.swift in Sources */ = {isa = PBXBuildFile; fileRef = 92021ACF26326D06006C00C1 /* AppModel+DataLoading.swift */; };
		92021AD226326F2A006C00C1 /* FastModel+FastActions.swift in Sources */ = {isa = PBXBuildFile; fileRef = 92021AD126326F2A006C00C1 /* FastModel+FastActions.swift */; };
		92021AD426327238006C00C1 /* FastModel+Equatable.swift in Sources */ = {isa = PBXBuildFile; fileRef = 92021AD326327238006C00C1 /* FastModel+Equatable.swift */; };
		920E50E62633C21A0014E7B5 /* Algorithms in Frameworks */ = {isa = PBXBuildFile; productRef = 920E50E52633C21A0014E7B5 /* Algorithms */; };
		920E50E92633C79D0014E7B5 /* FastGroup.swift in Sources */ = {isa = PBXBuildFile; fileRef = 920E50E82633C79D0014E7B5 /* FastGroup.swift */; };
		920E50EB2633C7BC0014E7B5 /* FastGroup+Identifiable.swift in Sources */ = {isa = PBXBuildFile; fileRef = 920E50EA2633C7BC0014E7B5 /* FastGroup+Identifiable.swift */; };
		920E50ED2633C7FF0014E7B5 /* FastGroup+Parsing.swift in Sources */ = {isa = PBXBuildFile; fileRef = 920E50EC2633C7FF0014E7B5 /* FastGroup+Parsing.swift */; };
		920E50EF2633DAA00014E7B5 /* RingView.swift in Sources */ = {isa = PBXBuildFile; fileRef = 920E50EE2633DAA00014E7B5 /* RingView.swift */; };
		92124A0E263234E100A33968 /* FastingGoal+AllCases.swift in Sources */ = {isa = PBXBuildFile; fileRef = 92124A0D263234E100A33968 /* FastingGoal+AllCases.swift */; };
		922A9A942631167700CBC0EF /* DatePickerSelectionView.swift in Sources */ = {isa = PBXBuildFile; fileRef = 922A9A932631167700CBC0EF /* DatePickerSelectionView.swift */; };
		9236BA40263508AF0056EFDD /* Logger+Initialization.swift in Sources */ = {isa = PBXBuildFile; fileRef = 9236BA3F263508AF0056EFDD /* Logger+Initialization.swift */; };
		92534CDF2634752300D95681 /* Fast+Properties.swift in Sources */ = {isa = PBXBuildFile; fileRef = 92534CDE2634752300D95681 /* Fast+Properties.swift */; };
		9254F9A0262FBAB300589377 /* FastingApp.swift in Sources */ = {isa = PBXBuildFile; fileRef = 9254F99F262FBAB300589377 /* FastingApp.swift */; };
		9254F9A4262FBAB300589377 /* Assets.xcassets in Resources */ = {isa = PBXBuildFile; fileRef = 9254F9A3262FBAB300589377 /* Assets.xcassets */; };
		9254F9A7262FBAB300589377 /* Preview Assets.xcassets in Resources */ = {isa = PBXBuildFile; fileRef = 9254F9A6262FBAB300589377 /* Preview Assets.xcassets */; };
		9254F9A9262FBAB300589377 /* PersistenceController.swift in Sources */ = {isa = PBXBuildFile; fileRef = 9254F9A8262FBAB300589377 /* PersistenceController.swift */; };
		9254F9AC262FBAB300589377 /* Fasting.xcdatamodeld in Sources */ = {isa = PBXBuildFile; fileRef = 9254F9AA262FBAB300589377 /* Fasting.xcdatamodeld */; };
		9261A13A26339CF7005E8AAD /* TimelineView.swift in Sources */ = {isa = PBXBuildFile; fileRef = 9261A13926339CF7005E8AAD /* TimelineView.swift */; };
		9261A13C26339EF7005E8AAD /* TimelineItemView.swift in Sources */ = {isa = PBXBuildFile; fileRef = 9261A13B26339EF7005E8AAD /* TimelineItemView.swift */; };
		92656CCA2631B00C00C9C232 /* CustomFastingGoalEntryScreen.swift in Sources */ = {isa = PBXBuildFile; fileRef = 92656CC92631B00C00C9C232 /* CustomFastingGoalEntryScreen.swift */; };
		926B23A526331BB2000E3373 /* Fast+Preview.swift in Sources */ = {isa = PBXBuildFile; fileRef = 926B23A426331BB2000E3373 /* Fast+Preview.swift */; };
		927030882630F5FB006EDB13 /* ProgressUpdater.swift in Sources */ = {isa = PBXBuildFile; fileRef = 927030872630F5FB006EDB13 /* ProgressUpdater.swift */; };
		9278B7F2262FBECF00893C7D /* IdleFastHomeView.swift in Sources */ = {isa = PBXBuildFile; fileRef = 9278B7F1262FBECF00893C7D /* IdleFastHomeView.swift */; };
		9278B7F6262FC01A00893C7D /* ActiveFastHomeView.swift in Sources */ = {isa = PBXBuildFile; fileRef = 9278B7F5262FC01A00893C7D /* ActiveFastHomeView.swift */; };
		9278B802262FD20A00893C7D /* AppModel.swift in Sources */ = {isa = PBXBuildFile; fileRef = 9278B801262FD20A00893C7D /* AppModel.swift */; };
		92792B442633984B00ECF89F /* HomeTabView.swift in Sources */ = {isa = PBXBuildFile; fileRef = 92792B432633984B00ECF89F /* HomeTabView.swift */; };
		927DD7BE2630AA0E00E6C33A /* PaddedButtonStyle.swift in Sources */ = {isa = PBXBuildFile; fileRef = 927DD7BD2630AA0E00E6C33A /* PaddedButtonStyle.swift */; };
		927DD7C42630AC6F00E6C33A /* TextButtonGroup.swift in Sources */ = {isa = PBXBuildFile; fileRef = 927DD7C32630AC6F00E6C33A /* TextButtonGroup.swift */; };
		927DD7C72630AD0300E6C33A /* IntervalCountingView.swift in Sources */ = {isa = PBXBuildFile; fileRef = 927DD7C62630AD0300E6C33A /* IntervalCountingView.swift */; };
		927DD7CB2630ADAE00E6C33A /* StringFormatter.swift in Sources */ = {isa = PBXBuildFile; fileRef = 927DD7CA2630ADAE00E6C33A /* StringFormatter.swift */; };
		927DD7D12630B12F00E6C33A /* Fonts.swift in Sources */ = {isa = PBXBuildFile; fileRef = 927DD7D02630B12F00E6C33A /* Fonts.swift */; };
		927DD7DE2630B39300E6C33A /* FastForecastedEndView.swift in Sources */ = {isa = PBXBuildFile; fileRef = 927DD7DD2630B39300E6C33A /* FastForecastedEndView.swift */; };
		927DD7E22630B3C100E6C33A /* SwiftDateDynamic in Frameworks */ = {isa = PBXBuildFile; productRef = 927DD7E12630B3C100E6C33A /* SwiftDateDynamic */; };
		927DD7E32630B3C100E6C33A /* SwiftDateDynamic in Embed Frameworks */ = {isa = PBXBuildFile; productRef = 927DD7E12630B3C100E6C33A /* SwiftDateDynamic */; settings = {ATTRIBUTES = (CodeSignOnCopy, ); }; };
		927DD7E62630BFC000E6C33A /* TrackerHomeView.swift in Sources */ = {isa = PBXBuildFile; fileRef = 927DD7E52630BFC000E6C33A /* TrackerHomeView.swift */; };
		9282A89A26332F0E00CA24A6 /* View+Connections.swift in Sources */ = {isa = PBXBuildFile; fileRef = 9282A89926332F0E00CA24A6 /* View+Connections.swift */; };
		9282A89C26332F1A00CA24A6 /* Connectable.swift in Sources */ = {isa = PBXBuildFile; fileRef = 9282A89B26332F1A00CA24A6 /* Connectable.swift */; };
		9282A89E26332FB800CA24A6 /* PreviewUpdater.swift in Sources */ = {isa = PBXBuildFile; fileRef = 9282A89D26332FB800CA24A6 /* PreviewUpdater.swift */; };
		9282A8A02633311900CA24A6 /* ConstantUpdater.swift in Sources */ = {isa = PBXBuildFile; fileRef = 9282A89F2633311900CA24A6 /* ConstantUpdater.swift */; };
		9284048D263367CC0085DAEE /* TimerObservable.swift in Sources */ = {isa = PBXBuildFile; fileRef = 9284048C263367CC0085DAEE /* TimerObservable.swift */; };
		92879421263339BF00F949EF /* FastingGoal+Identifiable.swift in Sources */ = {isa = PBXBuildFile; fileRef = 92879420263339BF00F949EF /* FastingGoal+Identifiable.swift */; };
		928ED21A2631C72900F496F7 /* NumberTextField.swift in Sources */ = {isa = PBXBuildFile; fileRef = 928ED2192631C72900F496F7 /* NumberTextField.swift */; };
		9295C31A263282C00084C3AA /* StringFormatter+TimeIntervals.swift in Sources */ = {isa = PBXBuildFile; fileRef = 9295C318263282C00084C3AA /* StringFormatter+TimeIntervals.swift */; };
		9295C31B263282C00084C3AA /* StringFormatter+DateTime.swift in Sources */ = {isa = PBXBuildFile; fileRef = 9295C319263282C00084C3AA /* StringFormatter+DateTime.swift */; };
		92978B2526331D1400944D12 /* FastProgressUpdatingViewModel.swift in Sources */ = {isa = PBXBuildFile; fileRef = 92978B2426331D1400944D12 /* FastProgressUpdatingViewModel.swift */; };
		92978B2926331FD800944D12 /* Colors.xcassets in Resources */ = {isa = PBXBuildFile; fileRef = 92978B2826331FD800944D12 /* Colors.xcassets */; };
		92A8ED1F2630D2B700BE00F0 /* StartTimeInfoView.swift in Sources */ = {isa = PBXBuildFile; fileRef = 92A8ED1E2630D2B700BE00F0 /* StartTimeInfoView.swift */; };
		92A8ED232630DA4C00BE00F0 /* EndTimeInfoView.swift in Sources */ = {isa = PBXBuildFile; fileRef = 92A8ED222630DA4C00BE00F0 /* EndTimeInfoView.swift */; };
		92B7398626323607002D5261 /* FastingGoal+Descriptors.swift in Sources */ = {isa = PBXBuildFile; fileRef = 92B7398526323607002D5261 /* FastingGoal+Descriptors.swift */; };
		92B73988263238BD002D5261 /* FastingGoal+Equality.swift in Sources */ = {isa = PBXBuildFile; fileRef = 92B73987263238BD002D5261 /* FastingGoal+Equality.swift */; };
		92B7398A26323913002D5261 /* FastingGoal+Codable.swift in Sources */ = {isa = PBXBuildFile; fileRef = 92B7398926323913002D5261 /* FastingGoal+Codable.swift */; };
		92B7398C26323A47002D5261 /* FastingGoal+RawRepresentable.swift in Sources */ = {isa = PBXBuildFile; fileRef = 92B7398B26323A47002D5261 /* FastingGoal+RawRepresentable.swift */; };
		92B7398E26323D88002D5261 /* FastModel.swift in Sources */ = {isa = PBXBuildFile; fileRef = 92B7398D26323D88002D5261 /* FastModel.swift */; };
		92B7399126323EB4002D5261 /* FastModel+Previewing.swift in Sources */ = {isa = PBXBuildFile; fileRef = 92B7399026323EB4002D5261 /* FastModel+Previewing.swift */; };
		92B7399426323F73002D5261 /* Fast+Initialization.swift in Sources */ = {isa = PBXBuildFile; fileRef = 92B7399326323F73002D5261 /* Fast+Initialization.swift */; };
		92CC52FB26337BEC00D82E6C /* Color+Custom.swift in Sources */ = {isa = PBXBuildFile; fileRef = 92CC52FA26337BEC00D82E6C /* Color+Custom.swift */; };
		92CC52FD26337C1400D82E6C /* UIColor+Custom.swift in Sources */ = {isa = PBXBuildFile; fileRef = 92CC52FC26337C1400D82E6C /* UIColor+Custom.swift */; };
		92D739D226325500008DD386 /* StringFormatter+Percentage.swift in Sources */ = {isa = PBXBuildFile; fileRef = 92D739D126325500008DD386 /* StringFormatter+Percentage.swift */; };
		92D739D426325F44008DD386 /* DataManager.swift in Sources */ = {isa = PBXBuildFile; fileRef = 92D739D326325F44008DD386 /* DataManager.swift */; };
		92D739D626326187008DD386 /* UserDefaults+Publishing.swift in Sources */ = {isa = PBXBuildFile; fileRef = 92D739D526326187008DD386 /* UserDefaults+Publishing.swift */; };
		92D739D826326667008DD386 /* UserDefaultKeys.swift in Sources */ = {isa = PBXBuildFile; fileRef = 92D739D726326667008DD386 /* UserDefaultKeys.swift */; };
		92D81A80263106CD007E884A /* FastingGoalPickerItemView.swift in Sources */ = {isa = PBXBuildFile; fileRef = 92D81A7F263106CD007E884A /* FastingGoalPickerItemView.swift */; };
		92D81A82263106FD007E884A /* FastingGoalPickerView.swift in Sources */ = {isa = PBXBuildFile; fileRef = 92D81A81263106FD007E884A /* FastingGoalPickerView.swift */; };
		92D81A8526310913007E884A /* FastingGoal.strings in Resources */ = {isa = PBXBuildFile; fileRef = 92D81A8426310913007E884A /* FastingGoal.strings */; };
		92F1D21E2630814400ED6F81 /* FastingGoal.swift in Sources */ = {isa = PBXBuildFile; fileRef = 92F1D21D2630814400ED6F81 /* FastingGoal.swift */; };
		92F2EBA02633465C001EBCFD /* BlurView.swift in Sources */ = {isa = PBXBuildFile; fileRef = 92F2EB9F2633465C001EBCFD /* BlurView.swift */; };
		92F2EBA22633472C001EBCFD /* DatePickerRangeFactory.swift in Sources */ = {isa = PBXBuildFile; fileRef = 92F2EBA12633472C001EBCFD /* DatePickerRangeFactory.swift */; };
		92F7D51C26353E2B0008BE68 /* View+Notifications.swift in Sources */ = {isa = PBXBuildFile; fileRef = 92F7D51B26353E2B0008BE68 /* View+Notifications.swift */; };
/* End PBXBuildFile section */

/* Begin PBXCopyFilesBuildPhase section */
		927DD7E42630B3C100E6C33A /* Embed Frameworks */ = {
			isa = PBXCopyFilesBuildPhase;
			buildActionMask = 2147483647;
			dstPath = "";
			dstSubfolderSpec = 10;
			files = (
				927DD7E32630B3C100E6C33A /* SwiftDateDynamic in Embed Frameworks */,
			);
			name = "Embed Frameworks";
			runOnlyForDeploymentPostprocessing = 0;
		};
/* End PBXCopyFilesBuildPhase section */

/* Begin PBXFileReference section */
		92021ACF26326D06006C00C1 /* AppModel+DataLoading.swift */ = {isa = PBXFileReference; lastKnownFileType = sourcecode.swift; path = "AppModel+DataLoading.swift"; sourceTree = "<group>"; };
		92021AD126326F2A006C00C1 /* FastModel+FastActions.swift */ = {isa = PBXFileReference; lastKnownFileType = sourcecode.swift; path = "FastModel+FastActions.swift"; sourceTree = "<group>"; };
		92021AD326327238006C00C1 /* FastModel+Equatable.swift */ = {isa = PBXFileReference; lastKnownFileType = sourcecode.swift; path = "FastModel+Equatable.swift"; sourceTree = "<group>"; };
		920E50E82633C79D0014E7B5 /* FastGroup.swift */ = {isa = PBXFileReference; lastKnownFileType = sourcecode.swift; path = FastGroup.swift; sourceTree = "<group>"; };
		920E50EA2633C7BC0014E7B5 /* FastGroup+Identifiable.swift */ = {isa = PBXFileReference; lastKnownFileType = sourcecode.swift; path = "FastGroup+Identifiable.swift"; sourceTree = "<group>"; };
		920E50EC2633C7FF0014E7B5 /* FastGroup+Parsing.swift */ = {isa = PBXFileReference; lastKnownFileType = sourcecode.swift; path = "FastGroup+Parsing.swift"; sourceTree = "<group>"; };
		920E50EE2633DAA00014E7B5 /* RingView.swift */ = {isa = PBXFileReference; lastKnownFileType = sourcecode.swift; path = RingView.swift; sourceTree = "<group>"; };
		92124A0D263234E100A33968 /* FastingGoal+AllCases.swift */ = {isa = PBXFileReference; lastKnownFileType = sourcecode.swift; path = "FastingGoal+AllCases.swift"; sourceTree = "<group>"; };
		922A9A932631167700CBC0EF /* DatePickerSelectionView.swift */ = {isa = PBXFileReference; lastKnownFileType = sourcecode.swift; path = DatePickerSelectionView.swift; sourceTree = "<group>"; };
		9236BA3F263508AF0056EFDD /* Logger+Initialization.swift */ = {isa = PBXFileReference; lastKnownFileType = sourcecode.swift; path = "Logger+Initialization.swift"; sourceTree = "<group>"; };
		92534CDE2634752300D95681 /* Fast+Properties.swift */ = {isa = PBXFileReference; lastKnownFileType = sourcecode.swift; path = "Fast+Properties.swift"; sourceTree = "<group>"; };
		9254F99C262FBAB300589377 /* Fasting.app */ = {isa = PBXFileReference; explicitFileType = wrapper.application; includeInIndex = 0; path = Fasting.app; sourceTree = BUILT_PRODUCTS_DIR; };
		9254F99F262FBAB300589377 /* FastingApp.swift */ = {isa = PBXFileReference; lastKnownFileType = sourcecode.swift; path = FastingApp.swift; sourceTree = "<group>"; };
		9254F9A3262FBAB300589377 /* Assets.xcassets */ = {isa = PBXFileReference; lastKnownFileType = folder.assetcatalog; path = Assets.xcassets; sourceTree = "<group>"; };
		9254F9A6262FBAB300589377 /* Preview Assets.xcassets */ = {isa = PBXFileReference; lastKnownFileType = folder.assetcatalog; path = "Preview Assets.xcassets"; sourceTree = "<group>"; };
		9254F9A8262FBAB300589377 /* PersistenceController.swift */ = {isa = PBXFileReference; lastKnownFileType = sourcecode.swift; path = PersistenceController.swift; sourceTree = "<group>"; };
		9254F9AB262FBAB300589377 /* Fasting.xcdatamodel */ = {isa = PBXFileReference; lastKnownFileType = wrapper.xcdatamodel; path = Fasting.xcdatamodel; sourceTree = "<group>"; };
		9254F9AD262FBAB300589377 /* Info.plist */ = {isa = PBXFileReference; lastKnownFileType = text.plist.xml; path = Info.plist; sourceTree = "<group>"; };
		9261A13926339CF7005E8AAD /* TimelineView.swift */ = {isa = PBXFileReference; lastKnownFileType = sourcecode.swift; path = TimelineView.swift; sourceTree = "<group>"; };
		9261A13B26339EF7005E8AAD /* TimelineItemView.swift */ = {isa = PBXFileReference; lastKnownFileType = sourcecode.swift; path = TimelineItemView.swift; sourceTree = "<group>"; };
		92656CC92631B00C00C9C232 /* CustomFastingGoalEntryScreen.swift */ = {isa = PBXFileReference; lastKnownFileType = sourcecode.swift; path = CustomFastingGoalEntryScreen.swift; sourceTree = "<group>"; };
		926B23A426331BB2000E3373 /* Fast+Preview.swift */ = {isa = PBXFileReference; lastKnownFileType = sourcecode.swift; path = "Fast+Preview.swift"; sourceTree = "<group>"; };
		927030872630F5FB006EDB13 /* ProgressUpdater.swift */ = {isa = PBXFileReference; lastKnownFileType = sourcecode.swift; path = ProgressUpdater.swift; sourceTree = "<group>"; };
		9278B7F1262FBECF00893C7D /* IdleFastHomeView.swift */ = {isa = PBXFileReference; lastKnownFileType = sourcecode.swift; path = IdleFastHomeView.swift; sourceTree = "<group>"; };
		9278B7F5262FC01A00893C7D /* ActiveFastHomeView.swift */ = {isa = PBXFileReference; lastKnownFileType = sourcecode.swift; path = ActiveFastHomeView.swift; sourceTree = "<group>"; };
		9278B801262FD20A00893C7D /* AppModel.swift */ = {isa = PBXFileReference; lastKnownFileType = sourcecode.swift; path = AppModel.swift; sourceTree = "<group>"; };
		92792B432633984B00ECF89F /* HomeTabView.swift */ = {isa = PBXFileReference; lastKnownFileType = sourcecode.swift; path = HomeTabView.swift; sourceTree = "<group>"; };
		927DD7BD2630AA0E00E6C33A /* PaddedButtonStyle.swift */ = {isa = PBXFileReference; lastKnownFileType = sourcecode.swift; path = PaddedButtonStyle.swift; sourceTree = "<group>"; };
		927DD7C32630AC6F00E6C33A /* TextButtonGroup.swift */ = {isa = PBXFileReference; lastKnownFileType = sourcecode.swift; path = TextButtonGroup.swift; sourceTree = "<group>"; };
		927DD7C62630AD0300E6C33A /* IntervalCountingView.swift */ = {isa = PBXFileReference; lastKnownFileType = sourcecode.swift; path = IntervalCountingView.swift; sourceTree = "<group>"; };
		927DD7CA2630ADAE00E6C33A /* StringFormatter.swift */ = {isa = PBXFileReference; lastKnownFileType = sourcecode.swift; path = StringFormatter.swift; sourceTree = "<group>"; };
		927DD7D02630B12F00E6C33A /* Fonts.swift */ = {isa = PBXFileReference; lastKnownFileType = sourcecode.swift; path = Fonts.swift; sourceTree = "<group>"; };
		927DD7DD2630B39300E6C33A /* FastForecastedEndView.swift */ = {isa = PBXFileReference; lastKnownFileType = sourcecode.swift; path = FastForecastedEndView.swift; sourceTree = "<group>"; };
		927DD7E52630BFC000E6C33A /* TrackerHomeView.swift */ = {isa = PBXFileReference; lastKnownFileType = sourcecode.swift; path = TrackerHomeView.swift; sourceTree = "<group>"; };
		9282A89926332F0E00CA24A6 /* View+Connections.swift */ = {isa = PBXFileReference; lastKnownFileType = sourcecode.swift; path = "View+Connections.swift"; sourceTree = "<group>"; };
		9282A89B26332F1A00CA24A6 /* Connectable.swift */ = {isa = PBXFileReference; lastKnownFileType = sourcecode.swift; path = Connectable.swift; sourceTree = "<group>"; };
		9282A89D26332FB800CA24A6 /* PreviewUpdater.swift */ = {isa = PBXFileReference; lastKnownFileType = sourcecode.swift; path = PreviewUpdater.swift; sourceTree = "<group>"; };
		9282A89F2633311900CA24A6 /* ConstantUpdater.swift */ = {isa = PBXFileReference; lastKnownFileType = sourcecode.swift; path = ConstantUpdater.swift; sourceTree = "<group>"; };
		9284048C263367CC0085DAEE /* TimerObservable.swift */ = {isa = PBXFileReference; lastKnownFileType = sourcecode.swift; path = TimerObservable.swift; sourceTree = "<group>"; };
		92879420263339BF00F949EF /* FastingGoal+Identifiable.swift */ = {isa = PBXFileReference; lastKnownFileType = sourcecode.swift; path = "FastingGoal+Identifiable.swift"; sourceTree = "<group>"; };
		928ED2192631C72900F496F7 /* NumberTextField.swift */ = {isa = PBXFileReference; lastKnownFileType = sourcecode.swift; path = NumberTextField.swift; sourceTree = "<group>"; };
		9295C318263282C00084C3AA /* StringFormatter+TimeIntervals.swift */ = {isa = PBXFileReference; fileEncoding = 4; lastKnownFileType = sourcecode.swift; path = "StringFormatter+TimeIntervals.swift"; sourceTree = "<group>"; };
		9295C319263282C00084C3AA /* StringFormatter+DateTime.swift */ = {isa = PBXFileReference; fileEncoding = 4; lastKnownFileType = sourcecode.swift; path = "StringFormatter+DateTime.swift"; sourceTree = "<group>"; };
		92978B2426331D1400944D12 /* FastProgressUpdatingViewModel.swift */ = {isa = PBXFileReference; lastKnownFileType = sourcecode.swift; path = FastProgressUpdatingViewModel.swift; sourceTree = "<group>"; };
		92978B2826331FD800944D12 /* Colors.xcassets */ = {isa = PBXFileReference; lastKnownFileType = folder.assetcatalog; path = Colors.xcassets; sourceTree = "<group>"; };
		92A8ED1E2630D2B700BE00F0 /* StartTimeInfoView.swift */ = {isa = PBXFileReference; lastKnownFileType = sourcecode.swift; path = StartTimeInfoView.swift; sourceTree = "<group>"; };
		92A8ED222630DA4C00BE00F0 /* EndTimeInfoView.swift */ = {isa = PBXFileReference; lastKnownFileType = sourcecode.swift; path = EndTimeInfoView.swift; sourceTree = "<group>"; };
		92B7398526323607002D5261 /* FastingGoal+Descriptors.swift */ = {isa = PBXFileReference; lastKnownFileType = sourcecode.swift; path = "FastingGoal+Descriptors.swift"; sourceTree = "<group>"; };
		92B73987263238BD002D5261 /* FastingGoal+Equality.swift */ = {isa = PBXFileReference; lastKnownFileType = sourcecode.swift; path = "FastingGoal+Equality.swift"; sourceTree = "<group>"; };
		92B7398926323913002D5261 /* FastingGoal+Codable.swift */ = {isa = PBXFileReference; lastKnownFileType = sourcecode.swift; path = "FastingGoal+Codable.swift"; sourceTree = "<group>"; };
		92B7398B26323A47002D5261 /* FastingGoal+RawRepresentable.swift */ = {isa = PBXFileReference; lastKnownFileType = sourcecode.swift; path = "FastingGoal+RawRepresentable.swift"; sourceTree = "<group>"; };
		92B7398D26323D88002D5261 /* FastModel.swift */ = {isa = PBXFileReference; lastKnownFileType = sourcecode.swift; path = FastModel.swift; sourceTree = "<group>"; };
		92B7399026323EB4002D5261 /* FastModel+Previewing.swift */ = {isa = PBXFileReference; lastKnownFileType = sourcecode.swift; path = "FastModel+Previewing.swift"; sourceTree = "<group>"; };
		92B7399326323F73002D5261 /* Fast+Initialization.swift */ = {isa = PBXFileReference; lastKnownFileType = sourcecode.swift; path = "Fast+Initialization.swift"; sourceTree = "<group>"; };
		92CC52FA26337BEC00D82E6C /* Color+Custom.swift */ = {isa = PBXFileReference; lastKnownFileType = sourcecode.swift; path = "Color+Custom.swift"; sourceTree = "<group>"; };
		92CC52FC26337C1400D82E6C /* UIColor+Custom.swift */ = {isa = PBXFileReference; lastKnownFileType = sourcecode.swift; path = "UIColor+Custom.swift"; sourceTree = "<group>"; };
		92D739D126325500008DD386 /* StringFormatter+Percentage.swift */ = {isa = PBXFileReference; lastKnownFileType = sourcecode.swift; path = "StringFormatter+Percentage.swift"; sourceTree = "<group>"; };
		92D739D326325F44008DD386 /* DataManager.swift */ = {isa = PBXFileReference; lastKnownFileType = sourcecode.swift; path = DataManager.swift; sourceTree = "<group>"; };
		92D739D526326187008DD386 /* UserDefaults+Publishing.swift */ = {isa = PBXFileReference; lastKnownFileType = sourcecode.swift; path = "UserDefaults+Publishing.swift"; sourceTree = "<group>"; };
		92D739D726326667008DD386 /* UserDefaultKeys.swift */ = {isa = PBXFileReference; lastKnownFileType = sourcecode.swift; path = UserDefaultKeys.swift; sourceTree = "<group>"; };
		92D81A7F263106CD007E884A /* FastingGoalPickerItemView.swift */ = {isa = PBXFileReference; lastKnownFileType = sourcecode.swift; path = FastingGoalPickerItemView.swift; sourceTree = "<group>"; };
		92D81A81263106FD007E884A /* FastingGoalPickerView.swift */ = {isa = PBXFileReference; lastKnownFileType = sourcecode.swift; path = FastingGoalPickerView.swift; sourceTree = "<group>"; };
		92D81A8426310913007E884A /* FastingGoal.strings */ = {isa = PBXFileReference; lastKnownFileType = text.plist.strings; path = FastingGoal.strings; sourceTree = "<group>"; };
		92F1D21D2630814400ED6F81 /* FastingGoal.swift */ = {isa = PBXFileReference; lastKnownFileType = sourcecode.swift; path = FastingGoal.swift; sourceTree = "<group>"; };
		92F2EB9F2633465C001EBCFD /* BlurView.swift */ = {isa = PBXFileReference; lastKnownFileType = sourcecode.swift; path = BlurView.swift; sourceTree = "<group>"; };
		92F2EBA12633472C001EBCFD /* DatePickerRangeFactory.swift */ = {isa = PBXFileReference; lastKnownFileType = sourcecode.swift; path = DatePickerRangeFactory.swift; sourceTree = "<group>"; };
		92F7D51B26353E2B0008BE68 /* View+Notifications.swift */ = {isa = PBXFileReference; lastKnownFileType = sourcecode.swift; path = "View+Notifications.swift"; sourceTree = "<group>"; };
/* End PBXFileReference section */

/* Begin PBXFrameworksBuildPhase section */
		9254F999262FBAB300589377 /* Frameworks */ = {
			isa = PBXFrameworksBuildPhase;
			buildActionMask = 2147483647;
			files = (
				920E50E62633C21A0014E7B5 /* Algorithms in Frameworks */,
				927DD7E22630B3C100E6C33A /* SwiftDateDynamic in Frameworks */,
			);
			runOnlyForDeploymentPostprocessing = 0;
		};
/* End PBXFrameworksBuildPhase section */

/* Begin PBXGroup section */
		920E50E72633C7910014E7B5 /* FastGroup */ = {
			isa = PBXGroup;
			children = (
				920E50E82633C79D0014E7B5 /* FastGroup.swift */,
				920E50EA2633C7BC0014E7B5 /* FastGroup+Identifiable.swift */,
				920E50EC2633C7FF0014E7B5 /* FastGroup+Parsing.swift */,
			);
			path = FastGroup;
			sourceTree = "<group>";
		};
		92124A082632304100A33968 /* Storage */ = {
			isa = PBXGroup;
			children = (
				92339E8626327B8C007BEBB9 /* DataModels */,
				92B7399226323F63002D5261 /* Extensions */,
				92124A092632305300A33968 /* Models */,
			);
			path = Storage;
			sourceTree = "<group>";
		};
		92124A092632305300A33968 /* Models */ = {
			isa = PBXGroup;
			children = (
				9254F9A8262FBAB300589377 /* PersistenceController.swift */,
				92D739D326325F44008DD386 /* DataManager.swift */,
			);
			path = Models;
			sourceTree = "<group>";
		};
		92124A0B2632343700A33968 /* FastingData */ = {
			isa = PBXGroup;
			children = (
				92124A0C2632345700A33968 /* Models */,
			);
			path = FastingData;
			sourceTree = "<group>";
		};
		92124A0C2632345700A33968 /* Models */ = {
			isa = PBXGroup;
			children = (
				920E50E72633C7910014E7B5 /* FastGroup */,
				92B7398F26323E26002D5261 /* FastModel */,
				92D81A8326310902007E884A /* FastingGoal */,
			);
			path = Models;
			sourceTree = "<group>";
		};
		92339E8626327B8C007BEBB9 /* DataModels */ = {
			isa = PBXGroup;
			children = (
				9254F9AA262FBAB300589377 /* Fasting.xcdatamodeld */,
			);
			path = DataModels;
			sourceTree = "<group>";
		};
		9236BA3D263508920056EFDD /* Logging */ = {
			isa = PBXGroup;
			children = (
				9236BA3E2635089B0056EFDD /* Extensions */,
			);
			path = Logging;
			sourceTree = "<group>";
		};
		9236BA3E2635089B0056EFDD /* Extensions */ = {
			isa = PBXGroup;
			children = (
				9236BA3F263508AF0056EFDD /* Logger+Initialization.swift */,
			);
			path = Extensions;
			sourceTree = "<group>";
		};
		9246FCF8262FBE4200B6375D /* Application */ = {
			isa = PBXGroup;
			children = (
				92CC52F926337BDC00D82E6C /* Colors */,
				9254F99F262FBAB300589377 /* FastingApp.swift */,
				9254F9A3262FBAB300589377 /* Assets.xcassets */,
				9254F9AD262FBAB300589377 /* Info.plist */,
				92978B2826331FD800944D12 /* Colors.xcassets */,
			);
			path = Application;
			sourceTree = "<group>";
		};
		9254F993262FBAB300589377 = {
			isa = PBXGroup;
			children = (
				9254F99E262FBAB300589377 /* Fasting */,
				9254F99D262FBAB300589377 /* Products */,
			);
			sourceTree = "<group>";
		};
		9254F99D262FBAB300589377 /* Products */ = {
			isa = PBXGroup;
			children = (
				9254F99C262FBAB300589377 /* Fasting.app */,
			);
			name = Products;
			sourceTree = "<group>";
		};
		9254F99E262FBAB300589377 /* Fasting */ = {
			isa = PBXGroup;
			children = (
				9246FCF8262FBE4200B6375D /* Application */,
				92D739D926326946008DD386 /* ApplicationState */,
				9282A89826332EF400CA24A6 /* Connections */,
				92124A0B2632343700A33968 /* FastingData */,
				92656CCB26324C8700C9C232 /* Formatting */,
				9236BA3D263508920056EFDD /* Logging */,
				92F7D51926353E130008BE68 /* NotificationCenter */,
				9254F9A5262FBAB300589377 /* Preview Content */,
				92124A082632304100A33968 /* Storage */,
				92B96C452633185400ED1758 /* Views */,
			);
			path = Fasting;
			sourceTree = "<group>";
		};
		9254F9A5262FBAB300589377 /* Preview Content */ = {
			isa = PBXGroup;
			children = (
				9254F9A6262FBAB300589377 /* Preview Assets.xcassets */,
			);
			path = "Preview Content";
			sourceTree = "<group>";
		};
		9261A13826339CEC005E8AAD /* Timeline */ = {
			isa = PBXGroup;
			children = (
				9261A13926339CF7005E8AAD /* TimelineView.swift */,
				9261A13B26339EF7005E8AAD /* TimelineItemView.swift */,
			);
			path = Timeline;
			sourceTree = "<group>";
		};
		92656CCB26324C8700C9C232 /* Formatting */ = {
			isa = PBXGroup;
			children = (
				92656CCC26324C9B00C9C232 /* Strings */,
			);
			path = Formatting;
			sourceTree = "<group>";
		};
		92656CCC26324C9B00C9C232 /* Strings */ = {
			isa = PBXGroup;
			children = (
				927DD7CA2630ADAE00E6C33A /* StringFormatter.swift */,
				9295C319263282C00084C3AA /* StringFormatter+DateTime.swift */,
				92D739D126325500008DD386 /* StringFormatter+Percentage.swift */,
				9295C318263282C00084C3AA /* StringFormatter+TimeIntervals.swift */,
			);
			path = Strings;
			sourceTree = "<group>";
		};
		927DD7BC2630AA0100E6C33A /* Buttons */ = {
			isa = PBXGroup;
			children = (
				927DD7BD2630AA0E00E6C33A /* PaddedButtonStyle.swift */,
			);
			path = Buttons;
			sourceTree = "<group>";
		};
		927DD7CF2630B12400E6C33A /* Text */ = {
			isa = PBXGroup;
			children = (
				927DD7D02630B12F00E6C33A /* Fonts.swift */,
			);
			path = Text;
			sourceTree = "<group>";
		};
		92808AD5263366A500420603 /* Common */ = {
			isa = PBXGroup;
			children = (
				928ED2192631C72900F496F7 /* NumberTextField.swift */,
				927DD7C32630AC6F00E6C33A /* TextButtonGroup.swift */,
			);
			path = Common;
			sourceTree = "<group>";
		};
		92808AD62633673500420603 /* Intervals */ = {
			isa = PBXGroup;
			children = (
				9284048B263367C10085DAEE /* ViewModels */,
				927DD7C62630AD0300E6C33A /* IntervalCountingView.swift */,
			);
			path = Intervals;
			sourceTree = "<group>";
		};
		9282A89826332EF400CA24A6 /* Connections */ = {
			isa = PBXGroup;
			children = (
				9282A89B26332F1A00CA24A6 /* Connectable.swift */,
				9282A89926332F0E00CA24A6 /* View+Connections.swift */,
			);
			path = Connections;
			sourceTree = "<group>";
		};
		9282A8A1263334AD00CA24A6 /* FastGoalSelection */ = {
			isa = PBXGroup;
			children = (
				92656CC92631B00C00C9C232 /* CustomFastingGoalEntryScreen.swift */,
				92D81A7F263106CD007E884A /* FastingGoalPickerItemView.swift */,
				92D81A81263106FD007E884A /* FastingGoalPickerView.swift */,
			);
			path = FastGoalSelection;
			sourceTree = "<group>";
		};
		9284048B263367C10085DAEE /* ViewModels */ = {
			isa = PBXGroup;
			children = (
				9284048C263367CC0085DAEE /* TimerObservable.swift */,
			);
			path = ViewModels;
			sourceTree = "<group>";
		};
		92978B2326331CFE00944D12 /* ProgressRing */ = {
			isa = PBXGroup;
			children = (
				92978B2626331D2500944D12 /* Protocols */,
				92978B2726331EB000944D12 /* ViewModels */,
				920E50EE2633DAA00014E7B5 /* RingView.swift */,
			);
			path = ProgressRing;
			sourceTree = "<group>";
		};
		92978B2626331D2500944D12 /* Protocols */ = {
			isa = PBXGroup;
			children = (
				927030872630F5FB006EDB13 /* ProgressUpdater.swift */,
			);
			path = Protocols;
			sourceTree = "<group>";
		};
		92978B2726331EB000944D12 /* ViewModels */ = {
			isa = PBXGroup;
			children = (
				9282A89F2633311900CA24A6 /* ConstantUpdater.swift */,
				92978B2426331D1400944D12 /* FastProgressUpdatingViewModel.swift */,
				9282A89D26332FB800CA24A6 /* PreviewUpdater.swift */,
			);
			path = ViewModels;
			sourceTree = "<group>";
		};
		92B7398F26323E26002D5261 /* FastModel */ = {
			isa = PBXGroup;
			children = (
				92B7398D26323D88002D5261 /* FastModel.swift */,
				92021AD326327238006C00C1 /* FastModel+Equatable.swift */,
				92B7399026323EB4002D5261 /* FastModel+Previewing.swift */,
			);
			path = FastModel;
			sourceTree = "<group>";
		};
		92B7399226323F63002D5261 /* Extensions */ = {
			isa = PBXGroup;
			children = (
				92B7399326323F73002D5261 /* Fast+Initialization.swift */,
				926B23A426331BB2000E3373 /* Fast+Preview.swift */,
				92534CDE2634752300D95681 /* Fast+Properties.swift */,
				92D739D726326667008DD386 /* UserDefaultKeys.swift */,
				92D739D526326187008DD386 /* UserDefaults+Publishing.swift */,
			);
			path = Extensions;
			sourceTree = "<group>";
		};
		92B96C452633185400ED1758 /* Views */ = {
			isa = PBXGroup;
			children = (
				9261A13826339CEC005E8AAD /* Timeline */,
				92808AD5263366A500420603 /* Common */,
				92EB3FB926334243006D6C44 /* DatePicker */,
				9282A8A1263334AD00CA24A6 /* FastGoalSelection */,
				92E8B8A526339951007DD3B8 /* Tracker */,
				92B96C47263318AB00ED1758 /* HomeTab */,
				92808AD62633673500420603 /* Intervals */,
				92978B2326331CFE00944D12 /* ProgressRing */,
				92F2EBA42633476C001EBCFD /* ViewStyles */,
				92F2EB9E26334647001EBCFD /* VisualEffect */,
			);
			path = Views;
			sourceTree = "<group>";
		};
		92B96C47263318AB00ED1758 /* HomeTab */ = {
			isa = PBXGroup;
			children = (
				92792B432633984B00ECF89F /* HomeTabView.swift */,
			);
			path = HomeTab;
			sourceTree = "<group>";
		};
		92CC52F926337BDC00D82E6C /* Colors */ = {
			isa = PBXGroup;
			children = (
				92CC52FA26337BEC00D82E6C /* Color+Custom.swift */,
				92CC52FC26337C1400D82E6C /* UIColor+Custom.swift */,
			);
			path = Colors;
			sourceTree = "<group>";
		};
		92D739D926326946008DD386 /* ApplicationState */ = {
			isa = PBXGroup;
			children = (
				92D739DA2632694F008DD386 /* Models */,
			);
			path = ApplicationState;
			sourceTree = "<group>";
		};
		92D739DA2632694F008DD386 /* Models */ = {
			isa = PBXGroup;
			children = (
				9278B801262FD20A00893C7D /* AppModel.swift */,
				92021ACF26326D06006C00C1 /* AppModel+DataLoading.swift */,
				92021AD126326F2A006C00C1 /* FastModel+FastActions.swift */,
			);
			path = Models;
			sourceTree = "<group>";
		};
		92D81A8326310902007E884A /* FastingGoal */ = {
			isa = PBXGroup;
			children = (
				92D81A8426310913007E884A /* FastingGoal.strings */,
				92F1D21D2630814400ED6F81 /* FastingGoal.swift */,
				92124A0D263234E100A33968 /* FastingGoal+AllCases.swift */,
				92B7398926323913002D5261 /* FastingGoal+Codable.swift */,
				92B7398526323607002D5261 /* FastingGoal+Descriptors.swift */,
				92B73987263238BD002D5261 /* FastingGoal+Equality.swift */,
				92B7398B26323A47002D5261 /* FastingGoal+RawRepresentable.swift */,
				92879420263339BF00F949EF /* FastingGoal+Identifiable.swift */,
			);
			path = FastingGoal;
			sourceTree = "<group>";
		};
		92E0128B263376D400EE3848 /* Active */ = {
			isa = PBXGroup;
			children = (
				9278B7F5262FC01A00893C7D /* ActiveFastHomeView.swift */,
				92A8ED222630DA4C00BE00F0 /* EndTimeInfoView.swift */,
				92A8ED1E2630D2B700BE00F0 /* StartTimeInfoView.swift */,
			);
			path = Active;
			sourceTree = "<group>";
		};
		92E0128C263376D900EE3848 /* Inactive */ = {
			isa = PBXGroup;
			children = (
				927DD7DD2630B39300E6C33A /* FastForecastedEndView.swift */,
				9278B7F1262FBECF00893C7D /* IdleFastHomeView.swift */,
			);
			path = Inactive;
			sourceTree = "<group>";
		};
		92E8B8A526339951007DD3B8 /* Tracker */ = {
			isa = PBXGroup;
			children = (
				92E0128C263376D900EE3848 /* Inactive */,
				92E0128B263376D400EE3848 /* Active */,
				927DD7E52630BFC000E6C33A /* TrackerHomeView.swift */,
			);
			path = Tracker;
			sourceTree = "<group>";
		};
		92EB3FB926334243006D6C44 /* DatePicker */ = {
			isa = PBXGroup;
			children = (
				92F2EBA32633473D001EBCFD /* RangeConstraints */,
				922A9A932631167700CBC0EF /* DatePickerSelectionView.swift */,
			);
			path = DatePicker;
			sourceTree = "<group>";
		};
		92F2EB9E26334647001EBCFD /* VisualEffect */ = {
			isa = PBXGroup;
			children = (
				92F2EB9F2633465C001EBCFD /* BlurView.swift */,
			);
			path = VisualEffect;
			sourceTree = "<group>";
		};
		92F2EBA32633473D001EBCFD /* RangeConstraints */ = {
			isa = PBXGroup;
			children = (
				92F2EBA12633472C001EBCFD /* DatePickerRangeFactory.swift */,
			);
			path = RangeConstraints;
			sourceTree = "<group>";
		};
		92F2EBA42633476C001EBCFD /* ViewStyles */ = {
			isa = PBXGroup;
			children = (
				927DD7BC2630AA0100E6C33A /* Buttons */,
				927DD7CF2630B12400E6C33A /* Text */,
			);
			path = ViewStyles;
			sourceTree = "<group>";
		};
		92F7D51926353E130008BE68 /* NotificationCenter */ = {
			isa = PBXGroup;
			children = (
				92F7D51A26353E1F0008BE68 /* Extensions */,
			);
			path = NotificationCenter;
			sourceTree = "<group>";
		};
		92F7D51A26353E1F0008BE68 /* Extensions */ = {
			isa = PBXGroup;
			children = (
				92F7D51B26353E2B0008BE68 /* View+Notifications.swift */,
			);
			path = Extensions;
			sourceTree = "<group>";
		};
/* End PBXGroup section */

/* Begin PBXNativeTarget section */
		9254F99B262FBAB300589377 /* Fasting */ = {
			isa = PBXNativeTarget;
			buildConfigurationList = 9254F9B0262FBAB300589377 /* Build configuration list for PBXNativeTarget "Fasting" */;
			buildPhases = (
				9254F998262FBAB300589377 /* Sources */,
				9254F999262FBAB300589377 /* Frameworks */,
				9254F99A262FBAB300589377 /* Resources */,
				927DD7E42630B3C100E6C33A /* Embed Frameworks */,
			);
			buildRules = (
			);
			dependencies = (
			);
			name = Fasting;
			packageProductDependencies = (
				927DD7E12630B3C100E6C33A /* SwiftDateDynamic */,
				920E50E52633C21A0014E7B5 /* Algorithms */,
			);
			productName = Fasting;
			productReference = 9254F99C262FBAB300589377 /* Fasting.app */;
			productType = "com.apple.product-type.application";
		};
/* End PBXNativeTarget section */

/* Begin PBXProject section */
		9254F994262FBAB300589377 /* Project object */ = {
			isa = PBXProject;
			attributes = {
				LastSwiftUpdateCheck = 1240;
				LastUpgradeCheck = 1240;
				TargetAttributes = {
					9254F99B262FBAB300589377 = {
						CreatedOnToolsVersion = 12.4;
					};
				};
			};
			buildConfigurationList = 9254F997262FBAB300589377 /* Build configuration list for PBXProject "Fasting" */;
			compatibilityVersion = "Xcode 9.3";
			developmentRegion = en;
			hasScannedForEncodings = 0;
			knownRegions = (
				en,
				Base,
			);
			mainGroup = 9254F993262FBAB300589377;
			packageReferences = (
				927DD7E02630B3C100E6C33A /* XCRemoteSwiftPackageReference "SwiftDate" */,
				920E50E42633C21A0014E7B5 /* XCRemoteSwiftPackageReference "swift-algorithms" */,
			);
			productRefGroup = 9254F99D262FBAB300589377 /* Products */;
			projectDirPath = "";
			projectRoot = "";
			targets = (
				9254F99B262FBAB300589377 /* Fasting */,
			);
		};
/* End PBXProject section */

/* Begin PBXResourcesBuildPhase section */
		9254F99A262FBAB300589377 /* Resources */ = {
			isa = PBXResourcesBuildPhase;
			buildActionMask = 2147483647;
			files = (
				9254F9A7262FBAB300589377 /* Preview Assets.xcassets in Resources */,
				92978B2926331FD800944D12 /* Colors.xcassets in Resources */,
				9254F9A4262FBAB300589377 /* Assets.xcassets in Resources */,
				92D81A8526310913007E884A /* FastingGoal.strings in Resources */,
			);
			runOnlyForDeploymentPostprocessing = 0;
		};
/* End PBXResourcesBuildPhase section */

/* Begin PBXSourcesBuildPhase section */
		9254F998262FBAB300589377 /* Sources */ = {
			isa = PBXSourcesBuildPhase;
			buildActionMask = 2147483647;
			files = (
				92D739D226325500008DD386 /* StringFormatter+Percentage.swift in Sources */,
				9278B7F6262FC01A00893C7D /* ActiveFastHomeView.swift in Sources */,
				92A8ED1F2630D2B700BE00F0 /* StartTimeInfoView.swift in Sources */,
				92F7D51C26353E2B0008BE68 /* View+Notifications.swift in Sources */,
				92A8ED232630DA4C00BE00F0 /* EndTimeInfoView.swift in Sources */,
				92D81A82263106FD007E884A /* FastingGoalPickerView.swift in Sources */,
				92F2EBA02633465C001EBCFD /* BlurView.swift in Sources */,
				92CC52FD26337C1400D82E6C /* UIColor+Custom.swift in Sources */,
				92021AD026326D06006C00C1 /* AppModel+DataLoading.swift in Sources */,
				92B7398A26323913002D5261 /* FastingGoal+Codable.swift in Sources */,
				92B73988263238BD002D5261 /* FastingGoal+Equality.swift in Sources */,
				92B7398626323607002D5261 /* FastingGoal+Descriptors.swift in Sources */,
				9295C31B263282C00084C3AA /* StringFormatter+DateTime.swift in Sources */,
				920E50EF2633DAA00014E7B5 /* RingView.swift in Sources */,
				9282A89E26332FB800CA24A6 /* PreviewUpdater.swift in Sources */,
				922A9A942631167700CBC0EF /* DatePickerSelectionView.swift in Sources */,
				927DD7E62630BFC000E6C33A /* TrackerHomeView.swift in Sources */,
				9295C31A263282C00084C3AA /* StringFormatter+TimeIntervals.swift in Sources */,
				9261A13C26339EF7005E8AAD /* TimelineItemView.swift in Sources */,
				920E50E92633C79D0014E7B5 /* FastGroup.swift in Sources */,
				927DD7D12630B12F00E6C33A /* Fonts.swift in Sources */,
				927DD7CB2630ADAE00E6C33A /* StringFormatter.swift in Sources */,
				9254F9AC262FBAB300589377 /* Fasting.xcdatamodeld in Sources */,
				92D739D826326667008DD386 /* UserDefaultKeys.swift in Sources */,
				9278B7F2262FBECF00893C7D /* IdleFastHomeView.swift in Sources */,
				927DD7C72630AD0300E6C33A /* IntervalCountingView.swift in Sources */,
				927030882630F5FB006EDB13 /* ProgressUpdater.swift in Sources */,
				92D739D626326187008DD386 /* UserDefaults+Publishing.swift in Sources */,
				9282A89C26332F1A00CA24A6 /* Connectable.swift in Sources */,
				9261A13A26339CF7005E8AAD /* TimelineView.swift in Sources */,
				9282A89A26332F0E00CA24A6 /* View+Connections.swift in Sources */,
				9278B802262FD20A00893C7D /* AppModel.swift in Sources */,
				927DD7DE2630B39300E6C33A /* FastForecastedEndView.swift in Sources */,
				92B7399126323EB4002D5261 /* FastModel+Previewing.swift in Sources */,
				92F2EBA22633472C001EBCFD /* DatePickerRangeFactory.swift in Sources */,
				9282A8A02633311900CA24A6 /* ConstantUpdater.swift in Sources */,
				92B7398E26323D88002D5261 /* FastModel.swift in Sources */,
				92B7399426323F73002D5261 /* Fast+Initialization.swift in Sources */,
				92879421263339BF00F949EF /* FastingGoal+Identifiable.swift in Sources */,
				92792B442633984B00ECF89F /* HomeTabView.swift in Sources */,
				92124A0E263234E100A33968 /* FastingGoal+AllCases.swift in Sources */,
				92D81A80263106CD007E884A /* FastingGoalPickerItemView.swift in Sources */,
				92021AD426327238006C00C1 /* FastModel+Equatable.swift in Sources */,
				92D739D426325F44008DD386 /* DataManager.swift in Sources */,
				920E50EB2633C7BC0014E7B5 /* FastGroup+Identifiable.swift in Sources */,
				9254F9A9262FBAB300589377 /* PersistenceController.swift in Sources */,
				92CC52FB26337BEC00D82E6C /* Color+Custom.swift in Sources */,
				92534CDF2634752300D95681 /* Fast+Properties.swift in Sources */,
				92978B2526331D1400944D12 /* FastProgressUpdatingViewModel.swift in Sources */,
				927DD7C42630AC6F00E6C33A /* TextButtonGroup.swift in Sources */,
				926B23A526331BB2000E3373 /* Fast+Preview.swift in Sources */,
				92B7398C26323A47002D5261 /* FastingGoal+RawRepresentable.swift in Sources */,
				9254F9A0262FBAB300589377 /* FastingApp.swift in Sources */,
				920E50ED2633C7FF0014E7B5 /* FastGroup+Parsing.swift in Sources */,
				92F1D21E2630814400ED6F81 /* FastingGoal.swift in Sources */,
				928ED21A2631C72900F496F7 /* NumberTextField.swift in Sources */,
				92021AD226326F2A006C00C1 /* FastModel+FastActions.swift in Sources */,
				92656CCA2631B00C00C9C232 /* CustomFastingGoalEntryScreen.swift in Sources */,
				9284048D263367CC0085DAEE /* TimerObservable.swift in Sources */,
				9236BA40263508AF0056EFDD /* Logger+Initialization.swift in Sources */,
				927DD7BE2630AA0E00E6C33A /* PaddedButtonStyle.swift in Sources */,
			);
			runOnlyForDeploymentPostprocessing = 0;
		};
/* End PBXSourcesBuildPhase section */

/* Begin XCBuildConfiguration section */
		9254F9AE262FBAB300589377 /* Debug */ = {
			isa = XCBuildConfiguration;
			buildSettings = {
				ALWAYS_SEARCH_USER_PATHS = NO;
				CLANG_ANALYZER_NONNULL = YES;
				CLANG_ANALYZER_NUMBER_OBJECT_CONVERSION = YES_AGGRESSIVE;
				CLANG_CXX_LANGUAGE_STANDARD = "gnu++14";
				CLANG_CXX_LIBRARY = "libc++";
				CLANG_ENABLE_MODULES = YES;
				CLANG_ENABLE_OBJC_ARC = YES;
				CLANG_ENABLE_OBJC_WEAK = YES;
				CLANG_WARN_BLOCK_CAPTURE_AUTORELEASING = YES;
				CLANG_WARN_BOOL_CONVERSION = YES;
				CLANG_WARN_COMMA = YES;
				CLANG_WARN_CONSTANT_CONVERSION = YES;
				CLANG_WARN_DEPRECATED_OBJC_IMPLEMENTATIONS = YES;
				CLANG_WARN_DIRECT_OBJC_ISA_USAGE = YES_ERROR;
				CLANG_WARN_DOCUMENTATION_COMMENTS = YES;
				CLANG_WARN_EMPTY_BODY = YES;
				CLANG_WARN_ENUM_CONVERSION = YES;
				CLANG_WARN_INFINITE_RECURSION = YES;
				CLANG_WARN_INT_CONVERSION = YES;
				CLANG_WARN_NON_LITERAL_NULL_CONVERSION = YES;
				CLANG_WARN_OBJC_IMPLICIT_RETAIN_SELF = YES;
				CLANG_WARN_OBJC_LITERAL_CONVERSION = YES;
				CLANG_WARN_OBJC_ROOT_CLASS = YES_ERROR;
				CLANG_WARN_QUOTED_INCLUDE_IN_FRAMEWORK_HEADER = YES;
				CLANG_WARN_RANGE_LOOP_ANALYSIS = YES;
				CLANG_WARN_STRICT_PROTOTYPES = YES;
				CLANG_WARN_SUSPICIOUS_MOVE = YES;
				CLANG_WARN_UNGUARDED_AVAILABILITY = YES_AGGRESSIVE;
				CLANG_WARN_UNREACHABLE_CODE = YES;
				CLANG_WARN__DUPLICATE_METHOD_MATCH = YES;
				COPY_PHASE_STRIP = NO;
				DEBUG_INFORMATION_FORMAT = dwarf;
				ENABLE_STRICT_OBJC_MSGSEND = YES;
				ENABLE_TESTABILITY = YES;
				GCC_C_LANGUAGE_STANDARD = gnu11;
				GCC_DYNAMIC_NO_PIC = NO;
				GCC_NO_COMMON_BLOCKS = YES;
				GCC_OPTIMIZATION_LEVEL = 0;
				GCC_PREPROCESSOR_DEFINITIONS = (
					"DEBUG=1",
					"$(inherited)",
				);
				GCC_WARN_64_TO_32_BIT_CONVERSION = YES;
				GCC_WARN_ABOUT_RETURN_TYPE = YES_ERROR;
				GCC_WARN_UNDECLARED_SELECTOR = YES;
				GCC_WARN_UNINITIALIZED_AUTOS = YES_AGGRESSIVE;
				GCC_WARN_UNUSED_FUNCTION = YES;
				GCC_WARN_UNUSED_VARIABLE = YES;
				IPHONEOS_DEPLOYMENT_TARGET = 14.4;
				MTL_ENABLE_DEBUG_INFO = INCLUDE_SOURCE;
				MTL_FAST_MATH = YES;
				ONLY_ACTIVE_ARCH = YES;
				SDKROOT = iphoneos;
				SWIFT_ACTIVE_COMPILATION_CONDITIONS = DEBUG;
				SWIFT_OPTIMIZATION_LEVEL = "-Onone";
			};
			name = Debug;
		};
		9254F9AF262FBAB300589377 /* Release */ = {
			isa = XCBuildConfiguration;
			buildSettings = {
				ALWAYS_SEARCH_USER_PATHS = NO;
				CLANG_ANALYZER_NONNULL = YES;
				CLANG_ANALYZER_NUMBER_OBJECT_CONVERSION = YES_AGGRESSIVE;
				CLANG_CXX_LANGUAGE_STANDARD = "gnu++14";
				CLANG_CXX_LIBRARY = "libc++";
				CLANG_ENABLE_MODULES = YES;
				CLANG_ENABLE_OBJC_ARC = YES;
				CLANG_ENABLE_OBJC_WEAK = YES;
				CLANG_WARN_BLOCK_CAPTURE_AUTORELEASING = YES;
				CLANG_WARN_BOOL_CONVERSION = YES;
				CLANG_WARN_COMMA = YES;
				CLANG_WARN_CONSTANT_CONVERSION = YES;
				CLANG_WARN_DEPRECATED_OBJC_IMPLEMENTATIONS = YES;
				CLANG_WARN_DIRECT_OBJC_ISA_USAGE = YES_ERROR;
				CLANG_WARN_DOCUMENTATION_COMMENTS = YES;
				CLANG_WARN_EMPTY_BODY = YES;
				CLANG_WARN_ENUM_CONVERSION = YES;
				CLANG_WARN_INFINITE_RECURSION = YES;
				CLANG_WARN_INT_CONVERSION = YES;
				CLANG_WARN_NON_LITERAL_NULL_CONVERSION = YES;
				CLANG_WARN_OBJC_IMPLICIT_RETAIN_SELF = YES;
				CLANG_WARN_OBJC_LITERAL_CONVERSION = YES;
				CLANG_WARN_OBJC_ROOT_CLASS = YES_ERROR;
				CLANG_WARN_QUOTED_INCLUDE_IN_FRAMEWORK_HEADER = YES;
				CLANG_WARN_RANGE_LOOP_ANALYSIS = YES;
				CLANG_WARN_STRICT_PROTOTYPES = YES;
				CLANG_WARN_SUSPICIOUS_MOVE = YES;
				CLANG_WARN_UNGUARDED_AVAILABILITY = YES_AGGRESSIVE;
				CLANG_WARN_UNREACHABLE_CODE = YES;
				CLANG_WARN__DUPLICATE_METHOD_MATCH = YES;
				COPY_PHASE_STRIP = NO;
				DEBUG_INFORMATION_FORMAT = "dwarf-with-dsym";
				ENABLE_NS_ASSERTIONS = NO;
				ENABLE_STRICT_OBJC_MSGSEND = YES;
				GCC_C_LANGUAGE_STANDARD = gnu11;
				GCC_NO_COMMON_BLOCKS = YES;
				GCC_WARN_64_TO_32_BIT_CONVERSION = YES;
				GCC_WARN_ABOUT_RETURN_TYPE = YES_ERROR;
				GCC_WARN_UNDECLARED_SELECTOR = YES;
				GCC_WARN_UNINITIALIZED_AUTOS = YES_AGGRESSIVE;
				GCC_WARN_UNUSED_FUNCTION = YES;
				GCC_WARN_UNUSED_VARIABLE = YES;
				IPHONEOS_DEPLOYMENT_TARGET = 14.4;
				MTL_ENABLE_DEBUG_INFO = NO;
				MTL_FAST_MATH = YES;
				SDKROOT = iphoneos;
				SWIFT_COMPILATION_MODE = wholemodule;
				SWIFT_OPTIMIZATION_LEVEL = "-O";
				VALIDATE_PRODUCT = YES;
			};
			name = Release;
		};
		9254F9B1262FBAB300589377 /* Debug */ = {
			isa = XCBuildConfiguration;
			buildSettings = {
				ASSETCATALOG_COMPILER_APPICON_NAME = AppIcon;
				ASSETCATALOG_COMPILER_GLOBAL_ACCENT_COLOR_NAME = AccentColor;
				CODE_SIGN_STYLE = Automatic;
				DEVELOPMENT_ASSET_PATHS = "\"Fasting/Preview Content\"";
				DEVELOPMENT_TEAM = 8QEC3K9K4B;
				ENABLE_PREVIEWS = YES;
				INFOPLIST_FILE = Fasting/Application/Info.plist;
				IPHONEOS_DEPLOYMENT_TARGET = 14.0;
				LD_RUNPATH_SEARCH_PATHS = (
					"$(inherited)",
					"@executable_path/Frameworks",
				);
				PRODUCT_BUNDLE_IDENTIFIER = com.zachmcgaughey.Fasting;
				PRODUCT_NAME = "$(TARGET_NAME)";
				SWIFT_VERSION = 5.0;
				TARGETED_DEVICE_FAMILY = 1;
			};
			name = Debug;
		};
		9254F9B2262FBAB300589377 /* Release */ = {
			isa = XCBuildConfiguration;
			buildSettings = {
				ASSETCATALOG_COMPILER_APPICON_NAME = AppIcon;
				ASSETCATALOG_COMPILER_GLOBAL_ACCENT_COLOR_NAME = AccentColor;
				CODE_SIGN_STYLE = Automatic;
				DEVELOPMENT_ASSET_PATHS = "\"Fasting/Preview Content\"";
				DEVELOPMENT_TEAM = 8QEC3K9K4B;
				ENABLE_PREVIEWS = YES;
				INFOPLIST_FILE = Fasting/Application/Info.plist;
				IPHONEOS_DEPLOYMENT_TARGET = 14.0;
				LD_RUNPATH_SEARCH_PATHS = (
					"$(inherited)",
					"@executable_path/Frameworks",
				);
				PRODUCT_BUNDLE_IDENTIFIER = com.zachmcgaughey.Fasting;
				PRODUCT_NAME = "$(TARGET_NAME)";
				SWIFT_VERSION = 5.0;
				TARGETED_DEVICE_FAMILY = 1;
			};
			name = Release;
		};
/* End XCBuildConfiguration section */

/* Begin XCConfigurationList section */
		9254F997262FBAB300589377 /* Build configuration list for PBXProject "Fasting" */ = {
			isa = XCConfigurationList;
			buildConfigurations = (
				9254F9AE262FBAB300589377 /* Debug */,
				9254F9AF262FBAB300589377 /* Release */,
			);
			defaultConfigurationIsVisible = 0;
			defaultConfigurationName = Release;
		};
		9254F9B0262FBAB300589377 /* Build configuration list for PBXNativeTarget "Fasting" */ = {
			isa = XCConfigurationList;
			buildConfigurations = (
				9254F9B1262FBAB300589377 /* Debug */,
				9254F9B2262FBAB300589377 /* Release */,
			);
			defaultConfigurationIsVisible = 0;
			defaultConfigurationName = Release;
		};
/* End XCConfigurationList section */

/* Begin XCRemoteSwiftPackageReference section */
		920E50E42633C21A0014E7B5 /* XCRemoteSwiftPackageReference "swift-algorithms" */ = {
			isa = XCRemoteSwiftPackageReference;
			repositoryURL = "https://github.com/apple/swift-algorithms/";
			requirement = {
				kind = upToNextMajorVersion;
				minimumVersion = 0.1.1;
			};
		};
		927DD7E02630B3C100E6C33A /* XCRemoteSwiftPackageReference "SwiftDate" */ = {
			isa = XCRemoteSwiftPackageReference;
			repositoryURL = "https://github.com/malcommac/SwiftDate";
			requirement = {
				kind = upToNextMajorVersion;
				minimumVersion = 6.3.1;
			};
		};
/* End XCRemoteSwiftPackageReference section */

/* Begin XCSwiftPackageProductDependency section */
		920E50E52633C21A0014E7B5 /* Algorithms */ = {
			isa = XCSwiftPackageProductDependency;
			package = 920E50E42633C21A0014E7B5 /* XCRemoteSwiftPackageReference "swift-algorithms" */;
			productName = Algorithms;
		};
		927DD7E12630B3C100E6C33A /* SwiftDateDynamic */ = {
			isa = XCSwiftPackageProductDependency;
			package = 927DD7E02630B3C100E6C33A /* XCRemoteSwiftPackageReference "SwiftDate" */;
			productName = SwiftDateDynamic;
		};
/* End XCSwiftPackageProductDependency section */

/* Begin XCVersionGroup section */
		9254F9AA262FBAB300589377 /* Fasting.xcdatamodeld */ = {
			isa = XCVersionGroup;
			children = (
				9254F9AB262FBAB300589377 /* Fasting.xcdatamodel */,
			);
			currentVersion = 9254F9AB262FBAB300589377 /* Fasting.xcdatamodel */;
			path = Fasting.xcdatamodeld;
			sourceTree = "<group>";
			versionGroupType = wrapper.xcdatamodel;
		};
/* End XCVersionGroup section */
	};
	rootObject = 9254F994262FBAB300589377 /* Project object */;
}
